Microsoft Visual Studio Solution File, Format Version 12.00
# Visual Studio Version 17
VisualStudioVersion = 17.5.2.0
MinimumVisualStudioVersion = 10.0.40219.1
Project("{FAE04EC0-301F-11D3-BF4B-00C04F79EFBC}") = "EjercicioFibo", "EjercicioFibo.csproj", "{15B19A9D-A91E-44CE-0920-459532EC707C}"
EndProject
Global
	GlobalSection(SolutionConfigurationPlatforms) = preSolution
		Debug|Any CPU = Debug|Any CPU
		Release|Any CPU = Release|Any CPU
	EndGlobalSection
	GlobalSection(ProjectConfigurationPlatforms) = postSolution
		{15B19A9D-A91E-44CE-0920-459532EC707C}.Debug|Any CPU.ActiveCfg = Debug|Any CPU
		{15B19A9D-A91E-44CE-0920-459532EC707C}.Debug|Any CPU.Build.0 = Debug|Any CPU
		{15B19A9D-A91E-44CE-0920-459532EC707C}.Release|Any CPU.ActiveCfg = Release|Any CPU
		{15B19A9D-A91E-44CE-0920-459532EC707C}.Release|Any CPU.Build.0 = Release|Any CPU
	EndGlobalSection
	GlobalSection(SolutionProperties) = preSolution
		HideSolutionNode = FALSE
	EndGlobalSection
	GlobalSection(ExtensibilityGlobals) = postSolution
		SolutionGuid = {CA822890-6EF6-422A-BD2D-B0EC0BB8AABE}
	EndGlobalSection
EndGlobal
